
Microsoft Visual Studio Solution File, Format Version 12.00
# Visual Studio 15
VisualStudioVersion = 15.0.27428.2043
MinimumVisualStudioVersion = 10.0.40219.1
Project("{8BC9CEB8-8B4A-11D0-8D11-00A0C91BC942}") = "MyProgram", "MyProgram\MyProgram.vcxproj", "{8E7ABAF3-C94F-4626-86D5-D3101C8CFFB3}"
EndProject
Project("{8BC9CEB8-8B4A-11D0-8D11-00A0C91BC942}") = "CreateRemoteThead_Injector", "CreateRemoteThead_Injector\CreateRemoteThead_Injector.vcxproj", "{BF2822BE-F2A9-4F11-940D-9E424CD8AC87}"
EndProject
Project("{8BC9CEB8-8B4A-11D0-8D11-00A0C91BC942}") = "MyDll", "MyDll\MyDll.vcxproj", "{EBF574AB-AEC3-4766-93D3-67B249518119}"
EndProject
Project("{8BC9CEB8-8B4A-11D0-8D11-00A0C91BC942}") = "ArbitraryCode_Injector", "ArbitraryCode_Injector\ArbitraryCode_Injector.vcxproj", "{874791CB-9B5A-48A9-8EAC-2A27F962C213}"
EndProject
Project("{8BC9CEB8-8B4A-11D0-8D11-00A0C91BC942}") = "ThreadHijack_Injector", "ThreadHijack_Injector\ThreadHijack_Injector.vcxproj", "{149DFE19-E39A-44A3-89AA-689CD8FF9205}"
EndProject
Global
	GlobalSection(SolutionConfigurationPlatforms) = preSolution
		Debug|x64 = Debug|x64
		Debug|x86 = Debug|x86
		Release|x64 = Release|x64
		Release|x86 = Release|x86
	EndGlobalSection
	GlobalSection(ProjectConfigurationPlatforms) = postSolution
		{8E7ABAF3-C94F-4626-86D5-D3101C8CFFB3}.Debug|x64.ActiveCfg = Debug|x64
		{8E7ABAF3-C94F-4626-86D5-D3101C8CFFB3}.Debug|x64.Build.0 = Debug|x64
		{8E7ABAF3-C94F-4626-86D5-D3101C8CFFB3}.Debug|x86.ActiveCfg = Debug|Win32
		{8E7ABAF3-C94F-4626-86D5-D3101C8CFFB3}.Debug|x86.Build.0 = Debug|Win32
		{8E7ABAF3-C94F-4626-86D5-D3101C8CFFB3}.Release|x64.ActiveCfg = Release|x64
		{8E7ABAF3-C94F-4626-86D5-D3101C8CFFB3}.Release|x64.Build.0 = Release|x64
		{8E7ABAF3-C94F-4626-86D5-D3101C8CFFB3}.Release|x86.ActiveCfg = Release|Win32
		{8E7ABAF3-C94F-4626-86D5-D3101C8CFFB3}.Release|x86.Build.0 = Release|Win32
		{BF2822BE-F2A9-4F11-940D-9E424CD8AC87}.Debug|x64.ActiveCfg = Debug|x64
		{BF2822BE-F2A9-4F11-940D-9E424CD8AC87}.Debug|x64.Build.0 = Debug|x64
		{BF2822BE-F2A9-4F11-940D-9E424CD8AC87}.Debug|x86.ActiveCfg = Debug|Win32
		{BF2822BE-F2A9-4F11-940D-9E424CD8AC87}.Debug|x86.Build.0 = Debug|Win32
		{BF2822BE-F2A9-4F11-940D-9E424CD8AC87}.Release|x64.ActiveCfg = Release|x64
		{BF2822BE-F2A9-4F11-940D-9E424CD8AC87}.Release|x64.Build.0 = Release|x64
		{BF2822BE-F2A9-4F11-940D-9E424CD8AC87}.Release|x86.ActiveCfg = Release|Win32
		{BF2822BE-F2A9-4F11-940D-9E424CD8AC87}.Release|x86.Build.0 = Release|Win32
		{EBF574AB-AEC3-4766-93D3-67B249518119}.Debug|x64.ActiveCfg = Debug|x64
		{EBF574AB-AEC3-4766-93D3-67B249518119}.Debug|x64.Build.0 = Debug|x64
		{EBF574AB-AEC3-4766-93D3-67B249518119}.Debug|x86.ActiveCfg = Debug|Win32
		{EBF574AB-AEC3-4766-93D3-67B249518119}.Debug|x86.Build.0 = Debug|Win32
		{EBF574AB-AEC3-4766-93D3-67B249518119}.Release|x64.ActiveCfg = Release|x64
		{EBF574AB-AEC3-4766-93D3-67B249518119}.Release|x64.Build.0 = Release|x64
		{EBF574AB-AEC3-4766-93D3-67B249518119}.Release|x86.ActiveCfg = Release|Win32
		{EBF574AB-AEC3-4766-93D3-67B249518119}.Release|x86.Build.0 = Release|Win32
		{874791CB-9B5A-48A9-8EAC-2A27F962C213}.Debug|x64.ActiveCfg = Debug|x64
		{874791CB-9B5A-48A9-8EAC-2A27F962C213}.Debug|x64.Build.0 = Debug|x64
		{874791CB-9B5A-48A9-8EAC-2A27F962C213}.Debug|x86.ActiveCfg = Debug|Win32
		{874791CB-9B5A-48A9-8EAC-2A27F962C213}.Debug|x86.Build.0 = Debug|Win32
		{874791CB-9B5A-48A9-8EAC-2A27F962C213}.Release|x64.ActiveCfg = Release|x64
		{874791CB-9B5A-48A9-8EAC-2A27F962C213}.Release|x64.Build.0 = Release|x64
		{874791CB-9B5A-48A9-8EAC-2A27F962C213}.Release|x86.ActiveCfg = Release|Win32
		{874791CB-9B5A-48A9-8EAC-2A27F962C213}.Release|x86.Build.0 = Release|Win32
		{149DFE19-E39A-44A3-89AA-689CD8FF9205}.Debug|x64.ActiveCfg = Debug|x64
		{149DFE19-E39A-44A3-89AA-689CD8FF9205}.Debug|x64.Build.0 = Debug|x64
		{149DFE19-E39A-44A3-89AA-689CD8FF9205}.Debug|x86.ActiveCfg = Debug|Win32
		{149DFE19-E39A-44A3-89AA-689CD8FF9205}.Debug|x86.Build.0 = Debug|Win32
		{149DFE19-E39A-44A3-89AA-689CD8FF9205}.Release|x64.ActiveCfg = Release|x64
		{149DFE19-E39A-44A3-89AA-689CD8FF9205}.Release|x64.Build.0 = Release|x64
		{149DFE19-E39A-44A3-89AA-689CD8FF9205}.Release|x86.ActiveCfg = Release|Win32
		{149DFE19-E39A-44A3-89AA-689CD8FF9205}.Release|x86.Build.0 = Release|Win32
	EndGlobalSection
	GlobalSection(SolutionProperties) = preSolution
		HideSolutionNode = FALSE
	EndGlobalSection
	GlobalSection(ExtensibilityGlobals) = postSolution
		SolutionGuid = {C25F4D3C-A25D-4AC0-BC66-7FCAA602956F}
	EndGlobalSection
EndGlobal
