
Microsoft Visual Studio Solution File, Format Version 12.00
# Visual Studio 15
VisualStudioVersion = 15.0.27428.2043
MinimumVisualStudioVersion = 10.0.40219.1
Project("{8BC9CEB8-8B4A-11D0-8D11-00A0C91BC942}") = "MyProgram", "MyProgram\MyProgram.vcxproj", "{8E7ABAF3-C94F-4626-86D5-D3101C8CFFB3}"
EndProject
Project("{8BC9CEB8-8B4A-11D0-8D11-00A0C91BC942}") = "CreateRemoteThead_Injector", "CreateRemoteThead_Injector\CreateRemoteThead_Injector.vcxproj", "{BF2822BE-F2A9-4F11-940D-9E424CD8AC87}"
EndProject
Project("{8BC9CEB8-8B4A-11D0-8D11-00A0C91BC942}") = "MyDll", "MyDll\MyDll.vcxproj", "{EBF574AB-AEC3-4766-93D3-67B249518119}"
EndProject
Project("{8BC9CEB8-8B4A-11D0-8D11-00A0C91BC942}") = "ArbitraryCode_Injector", "ArbitraryCode_Injector\ArbitraryCode_Injector.vcxproj", "{874791CB-9B5A-48A9-8EAC-2A27F962C213}"
EndProject
Project("{8BC9CEB8-8B4A-11D0-8D11-00A0C91BC942}") = "ThreadHijack_Injector", "ThreadHijack_Injector\ThreadHijack_Injector.vcxproj", "{149DFE19-E39A-44A3-89AA-689CD8FF9205}"
EndProject
Project("{8BC9CEB8-8B4A-11D0-8D11-00A0C91BC942}") = "MyWindowProgram", "MyWindowProgram\MyWindowProgram.vcxproj", "{93F81C67-1E8E-4D9B-AFC5-B1C8A1F3282A}"
EndProject
Project("{8BC9CEB8-8B4A-11D0-8D11-00A0C91BC942}") = "SetWndHook_injector", "SetWndHook_injector\SetWndHook_injector.vcxproj", "{4E4C416D-2CB5-420A-8016-6C52C12065C6}"
EndProject
Project("{2150E333-8FDC-42A3-9474-1A3956D46DE8}") = "Common", "Common", "{57723F95-BFCA-4224-95B7-0D67C33C555D}"
	ProjectSection(SolutionItems) = preProject
		Common\log.hpp = Common\log.hpp
		Common\utils.hpp = Common\utils.hpp
	EndProjectSection
EndProject
Project("{8BC9CEB8-8B4A-11D0-8D11-00A0C91BC942}") = "QueueUserApc_injector", "QueueUserApc_injector\QueueUserApc_injector.vcxproj", "{5C8B197A-8286-486F-8A3A-0D50E051FD8A}"
EndProject
Global
	GlobalSection(SolutionConfigurationPlatforms) = preSolution
		Debug|x64 = Debug|x64
		Debug|x86 = Debug|x86
		Release|x64 = Release|x64
		Release|x86 = Release|x86
	EndGlobalSection
	GlobalSection(ProjectConfigurationPlatforms) = postSolution
		{8E7ABAF3-C94F-4626-86D5-D3101C8CFFB3}.Debug|x64.ActiveCfg = Debug|x64
		{8E7ABAF3-C94F-4626-86D5-D3101C8CFFB3}.Debug|x64.Build.0 = Debug|x64
		{8E7ABAF3-C94F-4626-86D5-D3101C8CFFB3}.Debug|x86.ActiveCfg = Debug|Win32
		{8E7ABAF3-C94F-4626-86D5-D3101C8CFFB3}.Debug|x86.Build.0 = Debug|Win32
		{8E7ABAF3-C94F-4626-86D5-D3101C8CFFB3}.Release|x64.ActiveCfg = Release|x64
		{8E7ABAF3-C94F-4626-86D5-D3101C8CFFB3}.Release|x64.Build.0 = Release|x64
		{8E7ABAF3-C94F-4626-86D5-D3101C8CFFB3}.Release|x86.ActiveCfg = Release|Win32
		{8E7ABAF3-C94F-4626-86D5-D3101C8CFFB3}.Release|x86.Build.0 = Release|Win32
		{BF2822BE-F2A9-4F11-940D-9E424CD8AC87}.Debug|x64.ActiveCfg = Debug|x64
		{BF2822BE-F2A9-4F11-940D-9E424CD8AC87}.Debug|x64.Build.0 = Debug|x64
		{BF2822BE-F2A9-4F11-940D-9E424CD8AC87}.Debug|x86.ActiveCfg = Debug|Win32
		{BF2822BE-F2A9-4F11-940D-9E424CD8AC87}.Debug|x86.Build.0 = Debug|Win32
		{BF2822BE-F2A9-4F11-940D-9E424CD8AC87}.Release|x64.ActiveCfg = Release|x64
		{BF2822BE-F2A9-4F11-940D-9E424CD8AC87}.Release|x64.Build.0 = Release|x64
		{BF2822BE-F2A9-4F11-940D-9E424CD8AC87}.Release|x86.ActiveCfg = Release|Win32
		{BF2822BE-F2A9-4F11-940D-9E424CD8AC87}.Release|x86.Build.0 = Release|Win32
		{EBF574AB-AEC3-4766-93D3-67B249518119}.Debug|x64.ActiveCfg = Debug|x64
		{EBF574AB-AEC3-4766-93D3-67B249518119}.Debug|x64.Build.0 = Debug|x64
		{EBF574AB-AEC3-4766-93D3-67B249518119}.Debug|x86.ActiveCfg = Debug|Win32
		{EBF574AB-AEC3-4766-93D3-67B249518119}.Debug|x86.Build.0 = Debug|Win32
		{EBF574AB-AEC3-4766-93D3-67B249518119}.Release|x64.ActiveCfg = Release|x64
		{EBF574AB-AEC3-4766-93D3-67B249518119}.Release|x64.Build.0 = Release|x64
		{EBF574AB-AEC3-4766-93D3-67B249518119}.Release|x86.ActiveCfg = Release|Win32
		{EBF574AB-AEC3-4766-93D3-67B249518119}.Release|x86.Build.0 = Release|Win32
		{874791CB-9B5A-48A9-8EAC-2A27F962C213}.Debug|x64.ActiveCfg = Debug|x64
		{874791CB-9B5A-48A9-8EAC-2A27F962C213}.Debug|x64.Build.0 = Debug|x64
		{874791CB-9B5A-48A9-8EAC-2A27F962C213}.Debug|x86.ActiveCfg = Debug|Win32
		{874791CB-9B5A-48A9-8EAC-2A27F962C213}.Debug|x86.Build.0 = Debug|Win32
		{874791CB-9B5A-48A9-8EAC-2A27F962C213}.Release|x64.ActiveCfg = Release|x64
		{874791CB-9B5A-48A9-8EAC-2A27F962C213}.Release|x64.Build.0 = Release|x64
		{874791CB-9B5A-48A9-8EAC-2A27F962C213}.Release|x86.ActiveCfg = Release|Win32
		{874791CB-9B5A-48A9-8EAC-2A27F962C213}.Release|x86.Build.0 = Release|Win32
		{149DFE19-E39A-44A3-89AA-689CD8FF9205}.Debug|x64.ActiveCfg = Debug|x64
		{149DFE19-E39A-44A3-89AA-689CD8FF9205}.Debug|x64.Build.0 = Debug|x64
		{149DFE19-E39A-44A3-89AA-689CD8FF9205}.Debug|x86.ActiveCfg = Debug|Win32
		{149DFE19-E39A-44A3-89AA-689CD8FF9205}.Debug|x86.Build.0 = Debug|Win32
		{149DFE19-E39A-44A3-89AA-689CD8FF9205}.Release|x64.ActiveCfg = Release|x64
		{149DFE19-E39A-44A3-89AA-689CD8FF9205}.Release|x64.Build.0 = Release|x64
		{149DFE19-E39A-44A3-89AA-689CD8FF9205}.Release|x86.ActiveCfg = Release|Win32
		{149DFE19-E39A-44A3-89AA-689CD8FF9205}.Release|x86.Build.0 = Release|Win32
		{93F81C67-1E8E-4D9B-AFC5-B1C8A1F3282A}.Debug|x64.ActiveCfg = Debug|x64
		{93F81C67-1E8E-4D9B-AFC5-B1C8A1F3282A}.Debug|x64.Build.0 = Debug|x64
		{93F81C67-1E8E-4D9B-AFC5-B1C8A1F3282A}.Debug|x86.ActiveCfg = Debug|Win32
		{93F81C67-1E8E-4D9B-AFC5-B1C8A1F3282A}.Debug|x86.Build.0 = Debug|Win32
		{93F81C67-1E8E-4D9B-AFC5-B1C8A1F3282A}.Release|x64.ActiveCfg = Release|x64
		{93F81C67-1E8E-4D9B-AFC5-B1C8A1F3282A}.Release|x64.Build.0 = Release|x64
		{93F81C67-1E8E-4D9B-AFC5-B1C8A1F3282A}.Release|x86.ActiveCfg = Release|Win32
		{93F81C67-1E8E-4D9B-AFC5-B1C8A1F3282A}.Release|x86.Build.0 = Release|Win32
		{4E4C416D-2CB5-420A-8016-6C52C12065C6}.Debug|x64.ActiveCfg = Debug|x64
		{4E4C416D-2CB5-420A-8016-6C52C12065C6}.Debug|x64.Build.0 = Debug|x64
		{4E4C416D-2CB5-420A-8016-6C52C12065C6}.Debug|x86.ActiveCfg = Debug|Win32
		{4E4C416D-2CB5-420A-8016-6C52C12065C6}.Debug|x86.Build.0 = Debug|Win32
		{4E4C416D-2CB5-420A-8016-6C52C12065C6}.Release|x64.ActiveCfg = Release|x64
		{4E4C416D-2CB5-420A-8016-6C52C12065C6}.Release|x64.Build.0 = Release|x64
		{4E4C416D-2CB5-420A-8016-6C52C12065C6}.Release|x86.ActiveCfg = Release|Win32
		{4E4C416D-2CB5-420A-8016-6C52C12065C6}.Release|x86.Build.0 = Release|Win32
		{5C8B197A-8286-486F-8A3A-0D50E051FD8A}.Debug|x64.ActiveCfg = Debug|x64
		{5C8B197A-8286-486F-8A3A-0D50E051FD8A}.Debug|x64.Build.0 = Debug|x64
		{5C8B197A-8286-486F-8A3A-0D50E051FD8A}.Debug|x86.ActiveCfg = Debug|Win32
		{5C8B197A-8286-486F-8A3A-0D50E051FD8A}.Debug|x86.Build.0 = Debug|Win32
		{5C8B197A-8286-486F-8A3A-0D50E051FD8A}.Release|x64.ActiveCfg = Release|x64
		{5C8B197A-8286-486F-8A3A-0D50E051FD8A}.Release|x64.Build.0 = Release|x64
		{5C8B197A-8286-486F-8A3A-0D50E051FD8A}.Release|x86.ActiveCfg = Release|Win32
		{5C8B197A-8286-486F-8A3A-0D50E051FD8A}.Release|x86.Build.0 = Release|Win32
	EndGlobalSection
	GlobalSection(SolutionProperties) = preSolution
		HideSolutionNode = FALSE
	EndGlobalSection
	GlobalSection(ExtensibilityGlobals) = postSolution
		SolutionGuid = {C25F4D3C-A25D-4AC0-BC66-7FCAA602956F}
	EndGlobalSection
EndGlobal
